// !$*UTF8*$!
{
	archiveVersion = 1;
	classes = {
	};
	objectVersion = 56;
	objects = {

/* Begin PBXBuildFile section */
		83A2D29A2EAC4AAE00E7B748 /* NutritionAPIService.swift in Sources */ = {isa = PBXBuildFile; fileRef = 83A2D2982EAC4AAE00E7B748 /* NutritionAPIService.swift */; };
		83A2D29B2EAC4AAE00E7B748 /* OnlineFoodSearchView.swift in Sources */ = {isa = PBXBuildFile; fileRef = 83A2D2992EAC4AAE00E7B748 /* OnlineFoodSearchView.swift */; };
		83A2D29E2EAC4D6600E7B748 /* SettingsManager.swift in Sources */ = {isa = PBXBuildFile; fileRef = 83A2D29C2EAC4D6600E7B748 /* SettingsManager.swift */; };
		83A2D29F2EAC4D6600E7B748 /* SettingsView.swift in Sources */ = {isa = PBXBuildFile; fileRef = 83A2D29D2EAC4D6600E7B748 /* SettingsView.swift */; };
		83A2D2A12EAC517900E7B748 /* ImagePicker.swift in Sources */ = {isa = PBXBuildFile; fileRef = 83A2D2A02EAC517900E7B748 /* ImagePicker.swift */; };
		AA0000010000000000000001 /* NutritionTrackerApp.swift in Sources */ = {isa = PBXBuildFile; fileRef = BB0000010000000000000001 /* NutritionTrackerApp.swift */; };
		AA0000010000000000000002 /* Models.swift in Sources */ = {isa = PBXBuildFile; fileRef = BB0000010000000000000002 /* Models.swift */; };
		AA0000010000000000000003 /* DataManager.swift in Sources */ = {isa = PBXBuildFile; fileRef = BB0000010000000000000003 /* DataManager.swift */; };
		AA0000010000000000000004 /* ContentView.swift in Sources */ = {isa = PBXBuildFile; fileRef = BB0000010000000000000004 /* ContentView.swift */; };
		AA0000010000000000000005 /* MealsListView.swift in Sources */ = {isa = PBXBuildFile; fileRef = BB0000010000000000000005 /* MealsListView.swift */; };
		AA0000010000000000000006 /* MealEditorView.swift in Sources */ = {isa = PBXBuildFile; fileRef = BB0000010000000000000006 /* MealEditorView.swift */; };
		AA0000010000000000000007 /* AddFoodView.swift in Sources */ = {isa = PBXBuildFile; fileRef = BB0000010000000000000007 /* AddFoodView.swift */; };
		AA0000010000000000000008 /* AddDrinkView.swift in Sources */ = {isa = PBXBuildFile; fileRef = BB0000010000000000000008 /* AddDrinkView.swift */; };
		AA0000010000000000000009 /* SummaryView.swift in Sources */ = {isa = PBXBuildFile; fileRef = BB0000010000000000000009 /* SummaryView.swift */; };
		AA000001000000000000000A /* Assets.xcassets in Resources */ = {isa = PBXBuildFile; fileRef = BB000001000000000000000A /* Assets.xcassets */; };
		AA000001000000000000000B /* NutritionDatabase.swift in Sources */ = {isa = PBXBuildFile; fileRef = BB000001000000000000000B /* NutritionDatabase.swift */; };
/* End PBXBuildFile section */

/* Begin PBXFileReference section */
		83A2D2982EAC4AAE00E7B748 /* NutritionAPIService.swift */ = {isa = PBXFileReference; lastKnownFileType = sourcecode.swift; path = NutritionAPIService.swift; sourceTree = "<group>"; };
		83A2D2992EAC4AAE00E7B748 /* OnlineFoodSearchView.swift */ = {isa = PBXFileReference; lastKnownFileType = sourcecode.swift; path = OnlineFoodSearchView.swift; sourceTree = "<group>"; };
		83A2D29C2EAC4D6600E7B748 /* SettingsManager.swift */ = {isa = PBXFileReference; lastKnownFileType = sourcecode.swift; path = SettingsManager.swift; sourceTree = "<group>"; };
		83A2D29D2EAC4D6600E7B748 /* SettingsView.swift */ = {isa = PBXFileReference; lastKnownFileType = sourcecode.swift; path = SettingsView.swift; sourceTree = "<group>"; };
		83A2D2A02EAC517900E7B748 /* ImagePicker.swift */ = {isa = PBXFileReference; lastKnownFileType = sourcecode.swift; path = ImagePicker.swift; sourceTree = "<group>"; };
		83A2D2A22EAC545900E7B748 /* Info.plist */ = {isa = PBXFileReference; lastKnownFileType = text.plist; path = Info.plist; sourceTree = "<group>"; };
		BB0000010000000000000001 /* NutritionTrackerApp.swift */ = {isa = PBXFileReference; lastKnownFileType = sourcecode.swift; path = NutritionTrackerApp.swift; sourceTree = "<group>"; };
		BB0000010000000000000002 /* Models.swift */ = {isa = PBXFileReference; lastKnownFileType = sourcecode.swift; path = Models.swift; sourceTree = "<group>"; };
		BB0000010000000000000003 /* DataManager.swift */ = {isa = PBXFileReference; lastKnownFileType = sourcecode.swift; path = DataManager.swift; sourceTree = "<group>"; };
		BB0000010000000000000004 /* ContentView.swift */ = {isa = PBXFileReference; lastKnownFileType = sourcecode.swift; path = ContentView.swift; sourceTree = "<group>"; };
		BB0000010000000000000005 /* MealsListView.swift */ = {isa = PBXFileReference; lastKnownFileType = sourcecode.swift; path = MealsListView.swift; sourceTree = "<group>"; };
		BB0000010000000000000006 /* MealEditorView.swift */ = {isa = PBXFileReference; lastKnownFileType = sourcecode.swift; path = MealEditorView.swift; sourceTree = "<group>"; };
		BB0000010000000000000007 /* AddFoodView.swift */ = {isa = PBXFileReference; lastKnownFileType = sourcecode.swift; path = AddFoodView.swift; sourceTree = "<group>"; };
		BB0000010000000000000008 /* AddDrinkView.swift */ = {isa = PBXFileReference; lastKnownFileType = sourcecode.swift; path = AddDrinkView.swift; sourceTree = "<group>"; };
		BB0000010000000000000009 /* SummaryView.swift */ = {isa = PBXFileReference; lastKnownFileType = sourcecode.swift; path = SummaryView.swift; sourceTree = "<group>"; };
		BB000001000000000000000A /* Assets.xcassets */ = {isa = PBXFileReference; lastKnownFileType = folder.assetcatalog; path = Assets.xcassets; sourceTree = "<group>"; };
		BB000001000000000000000B /* NutritionDatabase.swift */ = {isa = PBXFileReference; lastKnownFileType = sourcecode.swift; path = NutritionDatabase.swift; sourceTree = "<group>"; };
		CC0000010000000000000001 /* NutritionTracker.app */ = {isa = PBXFileReference; explicitFileType = wrapper.application; includeInIndex = 0; path = NutritionTracker.app; sourceTree = BUILT_PRODUCTS_DIR; };
/* End PBXFileReference section */

/* Begin PBXFrameworksBuildPhase section */
		DD0000010000000000000001 /* Frameworks */ = {
			isa = PBXFrameworksBuildPhase;
			buildActionMask = 2147483647;
			files = (
			);
			runOnlyForDeploymentPostprocessing = 0;
		};
/* End PBXFrameworksBuildPhase section */

/* Begin PBXGroup section */
		EE0000010000000000000001 = {
			isa = PBXGroup;
			children = (
				FF0000010000000000000001 /* NutritionTracker */,
				GG0000010000000000000001 /* Products */,
			);
			sourceTree = "<group>";
		};
		FF0000010000000000000001 /* NutritionTracker */ = {
			isa = PBXGroup;
			children = (
				83A2D2A22EAC545900E7B748 /* Info.plist */,
				83A2D2A02EAC517900E7B748 /* ImagePicker.swift */,
				83A2D29C2EAC4D6600E7B748 /* SettingsManager.swift */,
				83A2D29D2EAC4D6600E7B748 /* SettingsView.swift */,
				83A2D2982EAC4AAE00E7B748 /* NutritionAPIService.swift */,
				83A2D2992EAC4AAE00E7B748 /* OnlineFoodSearchView.swift */,
				BB0000010000000000000001 /* NutritionTrackerApp.swift */,
				BB0000010000000000000002 /* Models.swift */,
				BB0000010000000000000003 /* DataManager.swift */,
				BB000001000000000000000B /* NutritionDatabase.swift */,
				BB0000010000000000000004 /* ContentView.swift */,
				BB0000010000000000000005 /* MealsListView.swift */,
				BB0000010000000000000006 /* MealEditorView.swift */,
				BB0000010000000000000007 /* AddFoodView.swift */,
				BB0000010000000000000008 /* AddDrinkView.swift */,
				BB0000010000000000000009 /* SummaryView.swift */,
				BB000001000000000000000A /* Assets.xcassets */,
			);
			path = NutritionTracker;
			sourceTree = "<group>";
		};
		GG0000010000000000000001 /* Products */ = {
			isa = PBXGroup;
			children = (
				CC0000010000000000000001 /* NutritionTracker.app */,
			);
			name = Products;
			sourceTree = "<group>";
		};
/* End PBXGroup section */

/* Begin PBXNativeTarget section */
		HH0000010000000000000001 /* NutritionTracker */ = {
			isa = PBXNativeTarget;
			buildConfigurationList = II0000010000000000000001 /* Build configuration list for PBXNativeTarget "NutritionTracker" */;
			buildPhases = (
				JJ0000010000000000000001 /* Sources */,
				DD0000010000000000000001 /* Frameworks */,
				KK0000010000000000000001 /* Resources */,
			);
			buildRules = (
			);
			dependencies = (
			);
			name = NutritionTracker;
			productName = NutritionTracker;
			productReference = CC0000010000000000000001 /* NutritionTracker.app */;
			productType = "com.apple.product-type.application";
		};
/* End PBXNativeTarget section */

/* Begin PBXProject section */
		LL0000010000000000000001 /* Project object */ = {
			isa = PBXProject;
			attributes = {
				BuildIndependentTargetsInParallel = 1;
				LastSwiftUpdateCheck = 1500;
				LastUpgradeCheck = 1500;
				TargetAttributes = {
					HH0000010000000000000001 = {
						CreatedOnToolsVersion = 15.0;
					};
				};
			};
			buildConfigurationList = MM0000010000000000000001 /* Build configuration list for PBXProject "NutritionTracker" */;
			compatibilityVersion = "Xcode 14.0";
			developmentRegion = en;
			hasScannedForEncodings = 0;
			knownRegions = (
				en,
				Base,
			);
			mainGroup = EE0000010000000000000001;
			productRefGroup = GG0000010000000000000001 /* Products */;
			projectDirPath = "";
			projectRoot = "";
			targets = (
				HH0000010000000000000001 /* NutritionTracker */,
			);
		};
/* End PBXProject section */

/* Begin PBXResourcesBuildPhase section */
		KK0000010000000000000001 /* Resources */ = {
			isa = PBXResourcesBuildPhase;
			buildActionMask = 2147483647;
			files = (
				AA000001000000000000000A /* Assets.xcassets in Resources */,
			);
			runOnlyForDeploymentPostprocessing = 0;
		};
/* End PBXResourcesBuildPhase section */

/* Begin PBXSourcesBuildPhase section */
		JJ0000010000000000000001 /* Sources */ = {
			isa = PBXSourcesBuildPhase;
			buildActionMask = 2147483647;
			files = (
				AA0000010000000000000001 /* NutritionTrackerApp.swift in Sources */,
				AA0000010000000000000002 /* Models.swift in Sources */,
				AA0000010000000000000003 /* DataManager.swift in Sources */,
				AA0000010000000000000004 /* ContentView.swift in Sources */,
				AA0000010000000000000005 /* MealsListView.swift in Sources */,
				AA0000010000000000000006 /* MealEditorView.swift in Sources */,
				AA0000010000000000000007 /* AddFoodView.swift in Sources */,
				AA0000010000000000000008 /* AddDrinkView.swift in Sources */,
				AA0000010000000000000009 /* SummaryView.swift in Sources */,
				83A2D29A2EAC4AAE00E7B748 /* NutritionAPIService.swift in Sources */,
				83A2D29B2EAC4AAE00E7B748 /* OnlineFoodSearchView.swift in Sources */,
				83A2D29E2EAC4D6600E7B748 /* SettingsManager.swift in Sources */,
				83A2D2A12EAC517900E7B748 /* ImagePicker.swift in Sources */,
				83A2D29F2EAC4D6600E7B748 /* SettingsView.swift in Sources */,
				AA000001000000000000000B /* NutritionDatabase.swift in Sources */,
			);
			runOnlyForDeploymentPostprocessing = 0;
		};
/* End PBXSourcesBuildPhase section */

/* Begin XCBuildConfiguration section */
		NN0000010000000000000001 /* Debug */ = {
			isa = XCBuildConfiguration;
			buildSettings = {
				ALWAYS_SEARCH_USER_PATHS = NO;
				ASSETCATALOG_COMPILER_GENERATE_SWIFT_ASSET_SYMBOL_EXTENSIONS = YES;
				CLANG_ANALYZER_NONNULL = YES;
				CLANG_ANALYZER_NUMBER_OBJECT_CONVERSION = YES_AGGRESSIVE;
				CLANG_CXX_LANGUAGE_STANDARD = "gnu++20";
				CLANG_ENABLE_MODULES = YES;
				CLANG_ENABLE_OBJC_ARC = YES;
				CLANG_ENABLE_OBJC_WEAK = YES;
				CLANG_WARN_BLOCK_CAPTURE_AUTORELEASING = YES;
				CLANG_WARN_BOOL_CONVERSION = YES;
				CLANG_WARN_COMMA = YES;
				CLANG_WARN_CONSTANT_CONVERSION = YES;
				CLANG_WARN_DEPRECATED_OBJC_IMPLEMENTATIONS = YES;
				CLANG_WARN_DIRECT_OBJC_ISA_USAGE = YES_ERROR;
				CLANG_WARN_DOCUMENTATION_COMMENTS = YES;
				CLANG_WARN_EMPTY_BODY = YES;
				CLANG_WARN_ENUM_CONVERSION = YES;
				CLANG_WARN_INFINITE_RECURSION = YES;
				CLANG_WARN_INT_CONVERSION = YES;
				CLANG_WARN_NON_LITERAL_NULL_CONVERSION = YES;
				CLANG_WARN_OBJC_IMPLICIT_RETAIN_SELF = YES;
				CLANG_WARN_OBJC_LITERAL_CONVERSION = YES;
				CLANG_WARN_OBJC_ROOT_CLASS = YES_ERROR;
				CLANG_WARN_QUOTED_INCLUDE_IN_FRAMEWORK_HEADER = YES;
				CLANG_WARN_RANGE_LOOP_ANALYSIS = YES;
				CLANG_WARN_STRICT_PROTOTYPES = YES;
				CLANG_WARN_SUSPICIOUS_MOVE = YES;
				CLANG_WARN_UNGUARDED_AVAILABILITY = YES_AGGRESSIVE;
				CLANG_WARN_UNREACHABLE_CODE = YES;
				CLANG_WARN__DUPLICATE_METHOD_MATCH = YES;
				COPY_PHASE_STRIP = NO;
				DEBUG_INFORMATION_FORMAT = dwarf;
				ENABLE_STRICT_OBJC_MSGSEND = YES;
				ENABLE_TESTABILITY = YES;
				ENABLE_USER_SCRIPT_SANDBOXING = YES;
				GCC_C_LANGUAGE_STANDARD = gnu17;
				GCC_DYNAMIC_NO_PIC = NO;
				GCC_NO_COMMON_BLOCKS = YES;
				GCC_OPTIMIZATION_LEVEL = 0;
				GCC_PREPROCESSOR_DEFINITIONS = (
					"DEBUG=1",
					"$(inherited)",
				);
				GCC_WARN_64_TO_32_BIT_CONVERSION = YES;
				GCC_WARN_ABOUT_RETURN_TYPE = YES_ERROR;
				GCC_WARN_UNDECLARED_SELECTOR = YES;
				GCC_WARN_UNINITIALIZED_AUTOS = YES_AGGRESSIVE;
				GCC_WARN_UNUSED_FUNCTION = YES;
				GCC_WARN_UNUSED_VARIABLE = YES;
				IPHONEOS_DEPLOYMENT_TARGET = 18.0;
				LOCALIZATION_PREFERS_STRING_CATALOGS = YES;
				MTL_ENABLE_DEBUG_INFO = INCLUDE_SOURCE;
				MTL_FAST_MATH = YES;
				ONLY_ACTIVE_ARCH = YES;
				SDKROOT = iphoneos;
				SWIFT_ACTIVE_COMPILATION_CONDITIONS = "DEBUG $(inherited)";
				SWIFT_OPTIMIZATION_LEVEL = "-Onone";
			};
			name = Debug;
		};
		OO0000010000000000000001 /* Release */ = {
			isa = XCBuildConfiguration;
			buildSettings = {
				ALWAYS_SEARCH_USER_PATHS = NO;
				ASSETCATALOG_COMPILER_GENERATE_SWIFT_ASSET_SYMBOL_EXTENSIONS = YES;
				CLANG_ANALYZER_NONNULL = YES;
				CLANG_ANALYZER_NUMBER_OBJECT_CONVERSION = YES_AGGRESSIVE;
				CLANG_CXX_LANGUAGE_STANDARD = "gnu++20";
				CLANG_ENABLE_MODULES = YES;
				CLANG_ENABLE_OBJC_ARC = YES;
				CLANG_ENABLE_OBJC_WEAK = YES;
				CLANG_WARN_BLOCK_CAPTURE_AUTORELEASING = YES;
				CLANG_WARN_BOOL_CONVERSION = YES;
				CLANG_WARN_COMMA = YES;
				CLANG_WARN_CONSTANT_CONVERSION = YES;
				CLANG_WARN_DEPRECATED_OBJC_IMPLEMENTATIONS = YES;
				CLANG_WARN_DIRECT_OBJC_ISA_USAGE = YES_ERROR;
				CLANG_WARN_DOCUMENTATION_COMMENTS = YES;
				CLANG_WARN_EMPTY_BODY = YES;
				CLANG_WARN_ENUM_CONVERSION = YES;
				CLANG_WARN_INFINITE_RECURSION = YES;
				CLANG_WARN_INT_CONVERSION = YES;
				CLANG_WARN_NON_LITERAL_NULL_CONVERSION = YES;
				CLANG_WARN_OBJC_IMPLICIT_RETAIN_SELF = YES;
				CLANG_WARN_OBJC_LITERAL_CONVERSION = YES;
				CLANG_WARN_OBJC_ROOT_CLASS = YES_ERROR;
				CLANG_WARN_QUOTED_INCLUDE_IN_FRAMEWORK_HEADER = YES;
				CLANG_WARN_RANGE_LOOP_ANALYSIS = YES;
				CLANG_WARN_STRICT_PROTOTYPES = YES;
				CLANG_WARN_SUSPICIOUS_MOVE = YES;
				CLANG_WARN_UNGUARDED_AVAILABILITY = YES_AGGRESSIVE;
				CLANG_WARN_UNREACHABLE_CODE = YES;
				CLANG_WARN__DUPLICATE_METHOD_MATCH = YES;
				COPY_PHASE_STRIP = NO;
				DEBUG_INFORMATION_FORMAT = "dwarf-with-dsym";
				ENABLE_NS_ASSERTIONS = NO;
				ENABLE_STRICT_OBJC_MSGSEND = YES;
				ENABLE_USER_SCRIPT_SANDBOXING = YES;
				GCC_C_LANGUAGE_STANDARD = gnu17;
				GCC_NO_COMMON_BLOCKS = YES;
				GCC_WARN_64_TO_32_BIT_CONVERSION = YES;
				GCC_WARN_ABOUT_RETURN_TYPE = YES_ERROR;
				GCC_WARN_UNDECLARED_SELECTOR = YES;
				GCC_WARN_UNINITIALIZED_AUTOS = YES_AGGRESSIVE;
				GCC_WARN_UNUSED_FUNCTION = YES;
				GCC_WARN_UNUSED_VARIABLE = YES;
				IPHONEOS_DEPLOYMENT_TARGET = 18.0;
				LOCALIZATION_PREFERS_STRING_CATALOGS = YES;
				MTL_ENABLE_DEBUG_INFO = NO;
				MTL_FAST_MATH = YES;
				SDKROOT = iphoneos;
				SWIFT_COMPILATION_MODE = wholemodule;
				VALIDATE_PRODUCT = YES;
			};
			name = Release;
		};
		PP0000010000000000000001 /* Debug */ = {
			isa = XCBuildConfiguration;
			buildSettings = {
				ASSETCATALOG_COMPILER_APPICON_NAME = AppIcon;
				ASSETCATALOG_COMPILER_GLOBAL_ACCENT_COLOR_NAME = AccentColor;
				CODE_SIGN_STYLE = Automatic;
				CURRENT_PROJECT_VERSION = 1;
				DEVELOPMENT_ASSET_PATHS = "";
				DEVELOPMENT_TEAM = T2M6R36LYY;
				ENABLE_PREVIEWS = YES;
				GENERATE_INFOPLIST_FILE = YES;
				INFOPLIST_FILE = NutritionTracker/Info.plist;
				INFOPLIST_KEY_CFBundleDisplayName = "";
				INFOPLIST_KEY_LSApplicationCategoryType = "";
				INFOPLIST_KEY_NSCameraUsageDescription = "This app needs camera access to photograph meals";
				INFOPLIST_KEY_UIApplicationSceneManifest_Generation = YES;
				INFOPLIST_KEY_UIApplicationSupportsIndirectInputEvents = YES;
				INFOPLIST_KEY_UILaunchScreen_Generation = YES;
				INFOPLIST_KEY_UISupportedInterfaceOrientations_iPad = "UIInterfaceOrientationPortrait UIInterfaceOrientationPortraitUpsideDown UIInterfaceOrientationLandscapeLeft UIInterfaceOrientationLandscapeRight";
				INFOPLIST_KEY_UISupportedInterfaceOrientations_iPhone = "UIInterfaceOrientationPortrait UIInterfaceOrientationLandscapeLeft UIInterfaceOrientationLandscapeRight";
				IPHONEOS_DEPLOYMENT_TARGET = 18.0;
				LD_RUNPATH_SEARCH_PATHS = (
					"$(inherited)",
					"@executable_path/Frameworks",
				);
				MARKETING_VERSION = 1.0;
				PRODUCT_BUNDLE_IDENTIFIER = com.warp.NutritionTracker;
				PRODUCT_NAME = "$(TARGET_NAME)";
				SWIFT_EMIT_LOC_STRINGS = YES;
				SWIFT_VERSION = 5.0;
				TARGETED_DEVICE_FAMILY = "1,2";
			};
			name = Debug;
		};
		QQ0000010000000000000001 /* Release */ = {
			isa = XCBuildConfiguration;
			buildSettings = {
				ASSETCATALOG_COMPILER_APPICON_NAME = AppIcon;
				ASSETCATALOG_COMPILER_GLOBAL_ACCENT_COLOR_NAME = AccentColor;
				CODE_SIGN_STYLE = Automatic;
				CURRENT_PROJECT_VERSION = 1;
				DEVELOPMENT_ASSET_PATHS = "";
				DEVELOPMENT_TEAM = T2M6R36LYY;
				ENABLE_PREVIEWS = YES;
				GENERATE_INFOPLIST_FILE = YES;
				INFOPLIST_FILE = NutritionTracker/Info.plist;
				INFOPLIST_KEY_CFBundleDisplayName = "";
				INFOPLIST_KEY_LSApplicationCategoryType = "";
				INFOPLIST_KEY_NSCameraUsageDescription = "This app needs camera access to photograph meals";
				INFOPLIST_KEY_UIApplicationSceneManifest_Generation = YES;
				INFOPLIST_KEY_UIApplicationSupportsIndirectInputEvents = YES;
				INFOPLIST_KEY_UILaunchScreen_Generation = YES;
				INFOPLIST_KEY_UISupportedInterfaceOrientations_iPad = "UIInterfaceOrientationPortrait UIInterfaceOrientationPortraitUpsideDown UIInterfaceOrientationLandscapeLeft UIInterfaceOrientationLandscapeRight";
				INFOPLIST_KEY_UISupportedInterfaceOrientations_iPhone = "UIInterfaceOrientationPortrait UIInterfaceOrientationLandscapeLeft UIInterfaceOrientationLandscapeRight";
				IPHONEOS_DEPLOYMENT_TARGET = 18.0;
				LD_RUNPATH_SEARCH_PATHS = (
					"$(inherited)",
					"@executable_path/Frameworks",
				);
				MARKETING_VERSION = 1.0;
				PRODUCT_BUNDLE_IDENTIFIER = com.warp.NutritionTracker;
				PRODUCT_NAME = "$(TARGET_NAME)";
				SWIFT_EMIT_LOC_STRINGS = YES;
				SWIFT_VERSION = 5.0;
				TARGETED_DEVICE_FAMILY = "1,2";
			};
			name = Release;
		};
/* End XCBuildConfiguration section */

/* Begin XCConfigurationList section */
		II0000010000000000000001 /* Build configuration list for PBXNativeTarget "NutritionTracker" */ = {
			isa = XCConfigurationList;
			buildConfigurations = (
				PP0000010000000000000001 /* Debug */,
				QQ0000010000000000000001 /* Release */,
			);
			defaultConfigurationIsVisible = 0;
			defaultConfigurationName = Release;
		};
		MM0000010000000000000001 /* Build configuration list for PBXProject "NutritionTracker" */ = {
			isa = XCConfigurationList;
			buildConfigurations = (
				NN0000010000000000000001 /* Debug */,
				OO0000010000000000000001 /* Release */,
			);
			defaultConfigurationIsVisible = 0;
			defaultConfigurationName = Release;
		};
/* End XCConfigurationList section */
	};
	rootObject = LL0000010000000000000001 /* Project object */;
}
